
Microsoft Visual Studio Solution File, Format Version 12.00
# Visual Studio Version 16
VisualStudioVersion = 16.0.29209.152
MinimumVisualStudioVersion = 10.0.40219.1
Project("{FAE04EC0-301F-11D3-BF4B-00C04F79EFBC}") = "BookCounter", "BookCounter\BookCounter.csproj", "{4E9DEF0B-4341-4D44-8803-643052B5969A}"
EndProject
Global
	GlobalSection(SolutionConfigurationPlatforms) = preSolution
		Debug|Any CPU = Debug|Any CPU
		Release|Any CPU = Release|Any CPU
	EndGlobalSection
	GlobalSection(ProjectConfigurationPlatforms) = postSolution
		{4E9DEF0B-4341-4D44-8803-643052B5969A}.Debug|Any CPU.ActiveCfg = Debug|Any CPU
		{4E9DEF0B-4341-4D44-8803-643052B5969A}.Debug|Any CPU.Build.0 = Debug|Any CPU
		{4E9DEF0B-4341-4D44-8803-643052B5969A}.Release|Any CPU.ActiveCfg = Release|Any CPU
		{4E9DEF0B-4341-4D44-8803-643052B5969A}.Release|Any CPU.Build.0 = Release|Any CPU
	EndGlobalSection
	GlobalSection(SolutionProperties) = preSolution
		HideSolutionNode = FALSE
	EndGlobalSection
	GlobalSection(ExtensibilityGlobals) = postSolution
		SolutionGuid = {77907512-21AE-4920-941B-53E2291BDA6A}
	EndGlobalSection
EndGlobal
